
Microsoft Visual Studio Solution File, Format Version 12.00
# Visual Studio Version 16
VisualStudioVersion = 16.0.31005.135
MinimumVisualStudioVersion = 10.0.40219.1
Project("{FAE04EC0-301F-11D3-BF4B-00C04F79EFBC}") = "BrunnerDX", "BrunnerDX\BrunnerDX.csproj", "{B348DF98-B4F0-493B-A111-231F55223DE2}"
EndProject
Global
	GlobalSection(SolutionConfigurationPlatforms) = preSolution
		Debug|Any CPU = Debug|Any CPU
		Release|Any CPU = Release|Any CPU
	EndGlobalSection
	GlobalSection(ProjectConfigurationPlatforms) = postSolution
		{B348DF98-B4F0-493B-A111-231F55223DE2}.Debug|Any CPU.ActiveCfg = Debug|Any CPU
		{B348DF98-B4F0-493B-A111-231F55223DE2}.Debug|Any CPU.Build.0 = Debug|Any CPU
		{B348DF98-B4F0-493B-A111-231F55223DE2}.Release|Any CPU.ActiveCfg = Release|Any CPU
		{B348DF98-B4F0-493B-A111-231F55223DE2}.Release|Any CPU.Build.0 = Release|Any CPU
	EndGlobalSection
	GlobalSection(SolutionProperties) = preSolution
		HideSolutionNode = FALSE
	EndGlobalSection
	GlobalSection(ExtensibilityGlobals) = postSolution
		SolutionGuid = {BF35435A-1E66-4A85-9321-9B77F2F2E5AC}
	EndGlobalSection
EndGlobal
